# This file is automatically @generated by Cargo.
# It is not intended for manual editing.
version = 4

[[package]]
name = "atomic-waker"
version = "1.1.2"
source = "registry+https://github.com/rust-lang/crates.io-index"
checksum = "1505bd5d3d116872e7271a6d4e16d81d0c8570876c8de68093a09ac269d8aac0"
dependencies = [
 "portable-atomic",
]

[[package]]
name = "bitflags"
version = "1.3.2"
source = "registry+https://github.com/rust-lang/crates.io-index"
checksum = "bef38d45163c2f1dde094a7dfd33ccf595c92905c8f8f4fdc18d06fb1037718a"

[[package]]
name = "byteorder"
version = "1.5.0"
source = "registry+https://github.com/rust-lang/crates.io-index"
checksum = "1fd0f2584146f6f2ef48085050886acf353beff7305ebd1ae69500e27c67f64b"

[[package]]
name = "cc"
version = "1.2.67"
source = "registry+https://github.com/rust-lang/crates.io-index"
checksum = "e17dd265a7d0f31ef544e1b20e03add05d3b45b491b633b10d67145d2acc1a38"
dependencies = [
 "find-msvc-tools",
 "shlex",
]

[[package]]
name = "cfg-if"
version = "1.0.4"
source = "registry+https://github.com/rust-lang/crates.io-index"
checksum = "9330f8b2ff13f34540b44e946ef35111825727b38d33286ef986142615121801"

[[package]]
name = "equivalent"
version = "1.0.2"
source = "registry+https://github.com/rust-lang/crates.io-index"
checksum = "877a4ace8713b0bcf2a4e7eec82529c029f1d0619886d18145fea96c3ffe5c0f"

[[package]]
name = "find-msvc-tools"
version = "0.1.9"
source = "registry+https://github.com/rust-lang/crates.io-index"
checksum = "5baebc0774151f905a1a2cc41989300b1e6fbb29aff0ceffa1064fdd3088d582"

[[package]]
name = "hash32"
version = "0.3.1"
source = "registry+https://github.com/rust-lang/crates.io-index"
checksum = "47d60b12902ba28e2730cd37e95b8c9223af2808df9e902d4df49588d1470606"
dependencies = [
 "byteorder",
]

[[package]]
name = "hashbrown"
version = "0.17.1"
source = "registry+https://github.com/rust-lang/crates.io-index"
checksum = "ed5909b6e89a2db4456e54cd5f673791d7eca6732202bbf2a9cc504fe2f9b84a"

[[package]]
name = "heapless"
version = "0.8.0"
source = "registry+https://github.com/rust-lang/crates.io-index"
checksum = "0bfb9eb618601c89945a70e254898da93b13be0388091d42117462b265bb3fad"
dependencies = [
 "hash32",
 "stable_deref_trait",
]

[[package]]
name = "indexmap"
version = "2.14.0"
source = "registry+https://github.com/rust-lang/crates.io-index"
checksum = "d466e9454f08e4a911e14806c24e16fba1b4c121d1ea474396f396069cf949d9"
dependencies = [
 "equivalent",
 "hashbrown",
]

[[package]]
name = "log"
version = "0.4.33"
source = "registry+https://github.com/rust-lang/crates.io-index"
checksum = "0ceec5bc11778974d1bcb055b18002eba7f4b3518b6a0081b3af5f21666da9ad"

[[package]]
name = "managed"
version = "0.8.0"
source = "registry+https://github.com/rust-lang/crates.io-index"
checksum = "0ca88d725a0a943b096803bd34e73a4437208b6077654cc4ecb2947a5f91618d"

[[package]]
name = "memchr"
version = "2.8.3"
source = "registry+https://github.com/rust-lang/crates.io-index"
checksum = "cf8baf1c55e62ffcace7a9f06f4bd9cd3f0c4beb022d3b367256b91b87513d98"

[[package]]
name = "monitor-capacity"
version = "0.1.0"
dependencies = [
 "nros",
 "nros-platform-cffi",
 "nros-rmw-zenoh",
]

[[package]]
name = "nros"
version = "0.5.0"
dependencies = [
 "log",
 "nros-core",
 "nros-log",
 "nros-node",
 "nros-params",
 "nros-platform",
 "nros-platform-config",
 "nros-rmw",
 "nros-rmw-cffi",
 "nros-serdes",
 "nros-zephyr-build",
 "paste",
 "portable-atomic",
 "portable-atomic-util",
]

[[package]]
name = "nros-board-common"
version = "0.5.0"
dependencies = [
 "cc",
 "nros-build-paths",
 "nros-cc-flags",
 "nros-platform-config",
 "serde",
 "toml",
]

[[package]]
name = "nros-build-paths"
version = "0.5.0"

[[package]]
name = "nros-cc-flags"
version = "0.5.0"
dependencies = [
 "cc",
]

[[package]]
name = "nros-core"
version = "0.5.0"
dependencies = [
 "heapless",
 "log",
 "nros-serdes",
]

[[package]]
name = "nros-executor-layout"
version = "0.5.0"

[[package]]
name = "nros-log"
version = "0.5.0"
dependencies = [
 "heapless",
 "portable-atomic",
]

[[package]]
name = "nros-node"
version = "0.5.0"
dependencies = [
 "atomic-waker",
 "heapless",
 "log",
 "nros-board-common",
 "nros-build-paths",
 "nros-core",
 "nros-executor-layout",
 "nros-log",
 "nros-params",
 "nros-platform-api",
 "nros-rmw",
 "nros-rmw-cffi",
 "nros-serdes",
 "nros-sizing-descriptor",
 "nros-zephyr-build",
 "portable-atomic",
 "portable-atomic-util",
]

[[package]]
name = "nros-params"
version = "0.5.0"
dependencies = [
 "heapless",
 "nros-board-common",
 "nros-sizing-descriptor",
 "nros-zephyr-build",
]

[[package]]
name = "nros-platform"
version = "0.5.0"
dependencies = [
 "nros-platform-api",
 "nros-platform-cffi",
 "nros-platform-config",
 "nros-zephyr-build",
]

[[package]]
name = "nros-platform-api"
version = "0.5.0"

[[package]]
name = "nros-platform-cffi"
version = "0.5.0"
dependencies = [
 "cc",
 "nros-cc-flags",
 "nros-log",
 "nros-platform-api",
]

[[package]]
name = "nros-platform-config"
version = "0.5.0"
dependencies = [
 "nros-build-paths",
 "serde",
 "toml",
]

[[package]]
name = "nros-rmw"
version = "0.5.0"
dependencies = [
 "heapless",
 "log",
 "nros-core",
 "nros-serdes",
]

[[package]]
name = "nros-rmw-cffi"
version = "0.5.0"
dependencies = [
 "cc",
 "nros-board-common",
 "nros-cc-flags",
 "nros-log",
 "nros-rmw",
 "nros-sizing-descriptor",
 "nros-zephyr-build",
 "portable-atomic",
]

[[package]]
name = "nros-rmw-zenoh"
version = "0.5.0"
dependencies = [
 "atomic-waker",
 "heapless",
 "log",
 "nros-core",
 "nros-log",
 "nros-platform",
 "nros-platform-config",
 "nros-rmw",
 "nros-rmw-cffi",
 "nros-sizing-descriptor",
 "nros-zephyr-build",
 "portable-atomic",
 "zpico-sys",
]

[[package]]
name = "nros-serdes"
version = "0.5.0"
dependencies = [
 "heapless",
]

[[package]]
name = "nros-sizing-descriptor"
version = "0.5.0"
dependencies = [
 "serde",
 "toml",
]

[[package]]
name = "nros-smoltcp"
version = "0.5.0"
dependencies = [
 "nros-platform-api",
 "nros-platform-config",
 "portable-atomic",
 "smoltcp",
]

[[package]]
name = "nros-zephyr-build"
version = "0.5.0"

[[package]]
name = "nros-zpico-build"
version = "0.5.0"
dependencies = [
 "cc",
 "nros-board-common",
 "nros-build-paths",
 "nros-cc-flags",
 "nros-sizing-descriptor",
 "nros-zephyr-build",
 "pkg-config",
]

[[package]]
name = "paste"
version = "1.0.15"
source = "registry+https://github.com/rust-lang/crates.io-index"
checksum = "57c0d7b74b563b49d38dae00a0c37d4d6de9b432382b2892f0574ddcae73fd0a"

[[package]]
name = "pkg-config"
version = "0.3.33"
source = "registry+https://github.com/rust-lang/crates.io-index"
checksum = "19f132c84eca552bf34cab8ec81f1c1dcc229b811638f9d283dceabe58c5569e"

[[package]]
name = "portable-atomic"
version = "1.14.0"
source = "registry+https://github.com/rust-lang/crates.io-index"
checksum = "3d20d5497ef88037a52ff98267d066e7f11fcc5e99bbfbd58a42336193aacec3"

[[package]]
name = "portable-atomic-util"
version = "0.2.7"
source = "registry+https://github.com/rust-lang/crates.io-index"
checksum = "c2a106d1259c23fac8e543272398ae0e3c0b8d33c88ed73d0cc71b0f1d902618"
dependencies = [
 "portable-atomic",
]

[[package]]
name = "proc-macro2"
version = "1.0.106"
source = "registry+https://github.com/rust-lang/crates.io-index"
checksum = "8fd00f0bb2e90d81d1044c2b32617f68fcb9fa3bb7640c23e9c748e53fb30934"
dependencies = [
 "unicode-ident",
]

[[package]]
name = "quote"
version = "1.0.46"
source = "registry+https://github.com/rust-lang/crates.io-index"
checksum = "dfbc457d0c7a0759a614551b11a6409e5951f6c7537be1f1b7682b9ae9230368"
dependencies = [
 "proc-macro2",
]

[[package]]
name = "serde"
version = "1.0.228"
source = "registry+https://github.com/rust-lang/crates.io-index"
checksum = "9a8e94ea7f378bd32cbbd37198a4a91436180c5bb472411e48b5ec2e2124ae9e"
dependencies = [
 "serde_core",
 "serde_derive",
]

[[package]]
name = "serde_core"
version = "1.0.228"
source = "registry+https://github.com/rust-lang/crates.io-index"
checksum = "41d385c7d4ca58e59fc732af25c3983b67ac852c1a25000afe1175de458b67ad"
dependencies = [
 "serde_derive",
]

[[package]]
name = "serde_derive"
version = "1.0.228"
source = "registry+https://github.com/rust-lang/crates.io-index"
checksum = "d540f220d3187173da220f885ab66608367b6574e925011a9353e4badda91d79"
dependencies = [
 "proc-macro2",
 "quote",
 "syn",
]

[[package]]
name = "serde_spanned"
version = "0.6.9"
source = "registry+https://github.com/rust-lang/crates.io-index"
checksum = "bf41e0cfaf7226dca15e8197172c295a782857fcb97fad1808a166870dee75a3"
dependencies = [
 "serde",
]

[[package]]
name = "shlex"
version = "2.0.1"
source = "registry+https://github.com/rust-lang/crates.io-index"
checksum = "f8fadd59c855ef2080decdef8ff161eb6661b86933c9d82e5ba29dc602a55aba"

[[package]]
name = "smoltcp"
version = "0.12.0"
source = "registry+https://github.com/rust-lang/crates.io-index"
checksum = "dad095989c1533c1c266d9b1e8d70a1329dd3723c3edac6d03bbd67e7bf6f4bb"
dependencies = [
 "bitflags",
 "byteorder",
 "cfg-if",
 "heapless",
 "managed",
]

[[package]]
name = "stable_deref_trait"
version = "1.2.1"
source = "registry+https://github.com/rust-lang/crates.io-index"
checksum = "6ce2be8dc25455e1f91df71bfa12ad37d7af1092ae736f3a6cd0e37bc7810596"

[[package]]
name = "syn"
version = "2.0.119"
source = "registry+https://github.com/rust-lang/crates.io-index"
checksum = "872831b642d1a07999a962a351ed35b955ea2cfc8f3862091e2a240a84f17297"
dependencies = [
 "proc-macro2",
 "quote",
 "unicode-ident",
]

[[package]]
name = "toml"
version = "0.8.23"
source = "registry+https://github.com/rust-lang/crates.io-index"
checksum = "dc1beb996b9d83529a9e75c17a1686767d148d70663143c7854d8b4a09ced362"
dependencies = [
 "serde",
 "serde_spanned",
 "toml_datetime",
 "toml_edit",
]

[[package]]
name = "toml_datetime"
version = "0.6.11"
source = "registry+https://github.com/rust-lang/crates.io-index"
checksum = "22cddaf88f4fbc13c51aebbf5f8eceb5c7c5a9da2ac40a13519eb5b0a0e8f11c"
dependencies = [
 "serde",
]

[[package]]
name = "toml_edit"
version = "0.22.27"
source = "registry+https://github.com/rust-lang/crates.io-index"
checksum = "41fe8c660ae4257887cf66394862d21dbca4a6ddd26f04a3560410406a2f819a"
dependencies = [
 "indexmap",
 "serde",
 "serde_spanned",
 "toml_datetime",
 "toml_write",
 "winnow",
]

[[package]]
name = "toml_write"
version = "0.1.2"
source = "registry+https://github.com/rust-lang/crates.io-index"
checksum = "5d99f8c9a7727884afe522e9bd5edbfc91a3312b36a77b5fb8926e4c31a41801"

[[package]]
name = "unicode-ident"
version = "1.0.24"
source = "registry+https://github.com/rust-lang/crates.io-index"
checksum = "e6e4313cd5fcd3dad5cafa179702e2b244f760991f45397d14d4ebf38247da75"

[[package]]
name = "winnow"
version = "0.7.15"
source = "registry+https://github.com/rust-lang/crates.io-index"
checksum = "df79d97927682d2fd8adb29682d1140b343be4ac0f08fd68b7765d9c059d3945"
dependencies = [
 "memchr",
]

[[package]]
name = "zpico-sys"
version = "0.5.0"
dependencies = [
 "nros-smoltcp",
 "nros-zpico-build",
]
